
Microsoft Visual Studio Solution File, Format Version 12.00
# Visual Studio Version 17
VisualStudioVersion = 17.1.32421.90
MinimumVisualStudioVersion = 10.0.40219.1
Project("{FAE04EC0-301F-11D3-BF4B-00C04F79EFBC}") = "WebApplication1", "WebApplication1\WebApplication1.csproj", "{32817AFD-08E7-4A54-BAE8-817EB98C295A}"
EndProject
Global
	GlobalSection(SolutionConfigurationPlatforms) = preSolution
		Debug|Any CPU = Debug|Any CPU
		Release|Any CPU = Release|Any CPU
	EndGlobalSection
	GlobalSection(ProjectConfigurationPlatforms) = postSolution
		{32817AFD-08E7-4A54-BAE8-817EB98C295A}.Debug|Any CPU.ActiveCfg = Debug|Any CPU
		{32817AFD-08E7-4A54-BAE8-817EB98C295A}.Debug|Any CPU.Build.0 = Debug|Any CPU
		{32817AFD-08E7-4A54-BAE8-817EB98C295A}.Release|Any CPU.ActiveCfg = Release|Any CPU
		{32817AFD-08E7-4A54-BAE8-817EB98C295A}.Release|Any CPU.Build.0 = Release|Any CPU
	EndGlobalSection
	GlobalSection(SolutionProperties) = preSolution
		HideSolutionNode = FALSE
	EndGlobalSection
	GlobalSection(ExtensibilityGlobals) = postSolution
		SolutionGuid = {814A6BA9-FD09-4229-BF18-068516492D13}
	EndGlobalSection
EndGlobal
