
Microsoft Visual Studio Solution File, Format Version 12.00
# Visual Studio Version 17
VisualStudioVersion = 17.1.32421.90
MinimumVisualStudioVersion = 10.0.40219.1
Project("{FAE04EC0-301F-11D3-BF4B-00C04F79EFBC}") = "FilesServer", "FilesServer\FilesServer.csproj", "{F83A376F-A5D4-484D-A736-2B8FAC5CE8C2}"
EndProject
Project("{FAE04EC0-301F-11D3-BF4B-00C04F79EFBC}") = "FilesServer.Backend", "FilesServer.Backend\FilesServer.Backend.csproj", "{84BC320E-296A-40B5-B121-CA64EB892AEE}"
EndProject
Global
	GlobalSection(SolutionConfigurationPlatforms) = preSolution
		Debug|Any CPU = Debug|Any CPU
		Release|Any CPU = Release|Any CPU
	EndGlobalSection
	GlobalSection(ProjectConfigurationPlatforms) = postSolution
		{F83A376F-A5D4-484D-A736-2B8FAC5CE8C2}.Debug|Any CPU.ActiveCfg = Debug|Any CPU
		{F83A376F-A5D4-484D-A736-2B8FAC5CE8C2}.Debug|Any CPU.Build.0 = Debug|Any CPU
		{F83A376F-A5D4-484D-A736-2B8FAC5CE8C2}.Release|Any CPU.ActiveCfg = Release|Any CPU
		{F83A376F-A5D4-484D-A736-2B8FAC5CE8C2}.Release|Any CPU.Build.0 = Release|Any CPU
		{84BC320E-296A-40B5-B121-CA64EB892AEE}.Debug|Any CPU.ActiveCfg = Debug|Any CPU
		{84BC320E-296A-40B5-B121-CA64EB892AEE}.Debug|Any CPU.Build.0 = Debug|Any CPU
		{84BC320E-296A-40B5-B121-CA64EB892AEE}.Release|Any CPU.ActiveCfg = Release|Any CPU
		{84BC320E-296A-40B5-B121-CA64EB892AEE}.Release|Any CPU.Build.0 = Release|Any CPU
	EndGlobalSection
	GlobalSection(SolutionProperties) = preSolution
		HideSolutionNode = FALSE
	EndGlobalSection
	GlobalSection(ExtensibilityGlobals) = postSolution
		SolutionGuid = {E2002B2F-3FE6-4B80-9282-1D0F7A422981}
	EndGlobalSection
EndGlobal
